// !$*UTF8*$!
{
	archiveVersion = 1;
	classes = {
	};
	objectVersion = 52;
	objects = {

/* Begin PBXBuildFile section */
		400F521A2589B18E00C9B0B5 /* StackDemo.swift in Sources */ = {isa = PBXBuildFile; fileRef = 400F52192589B18E00C9B0B5 /* StackDemo.swift */; };
		400F521C2589B1DD00C9B0B5 /* ListDemo.swift in Sources */ = {isa = PBXBuildFile; fileRef = 400F521B2589B1DD00C9B0B5 /* ListDemo.swift */; };
		400F521E2589B41400C9B0B5 /* ScrollViewDemo.swift in Sources */ = {isa = PBXBuildFile; fileRef = 400F521D2589B41400C9B0B5 /* ScrollViewDemo.swift */; };
		400F52202589B64F00C9B0B5 /* SectionDemo.swift in Sources */ = {isa = PBXBuildFile; fileRef = 400F521F2589B64F00C9B0B5 /* SectionDemo.swift */; };
		400F52222589B94700C9B0B5 /* FormDemo.swift in Sources */ = {isa = PBXBuildFile; fileRef = 400F52212589B94700C9B0B5 /* FormDemo.swift */; };
		400F52242589D25E00C9B0B5 /* NavigationViewDemo.swift in Sources */ = {isa = PBXBuildFile; fileRef = 400F52232589D25E00C9B0B5 /* NavigationViewDemo.swift */; };
		400F52262589DAFF00C9B0B5 /* TabbedDemo.swift in Sources */ = {isa = PBXBuildFile; fileRef = 400F52252589DAFF00C9B0B5 /* TabbedDemo.swift */; };
		400F52282589E2F600C9B0B5 /* PickerDemo.swift in Sources */ = {isa = PBXBuildFile; fileRef = 400F52272589E2F600C9B0B5 /* PickerDemo.swift */; };
		400F522A2589E55B00C9B0B5 /* ActionDemo.swift in Sources */ = {isa = PBXBuildFile; fileRef = 400F52292589E55B00C9B0B5 /* ActionDemo.swift */; };
		400F522C2589F06C00C9B0B5 /* ColorDemo.swift in Sources */ = {isa = PBXBuildFile; fileRef = 400F522B2589F06C00C9B0B5 /* ColorDemo.swift */; };
		4020077B2588A28B0033232B /* RefreshNavDemo.swift in Sources */ = {isa = PBXBuildFile; fileRef = 4020077A2588A28B0033232B /* RefreshNavDemo.swift */; };
		4030E10725873B1F0049E145 /* AppDelegate.swift in Sources */ = {isa = PBXBuildFile; fileRef = 4030E10625873B1F0049E145 /* AppDelegate.swift */; };
		4030E10925873B1F0049E145 /* SceneDelegate.swift in Sources */ = {isa = PBXBuildFile; fileRef = 4030E10825873B1F0049E145 /* SceneDelegate.swift */; };
		4030E10B25873B1F0049E145 /* ContentView.swift in Sources */ = {isa = PBXBuildFile; fileRef = 4030E10A25873B1F0049E145 /* ContentView.swift */; };
		4030E10D25873B220049E145 /* Assets.xcassets in Resources */ = {isa = PBXBuildFile; fileRef = 4030E10C25873B220049E145 /* Assets.xcassets */; };
		4030E11025873B220049E145 /* Preview Assets.xcassets in Resources */ = {isa = PBXBuildFile; fileRef = 4030E10F25873B220049E145 /* Preview Assets.xcassets */; };
		4030E11325873B220049E145 /* LaunchScreen.storyboard in Resources */ = {isa = PBXBuildFile; fileRef = 4030E11125873B220049E145 /* LaunchScreen.storyboard */; };
		4030E11F258743360049E145 /* PlaceholderSolution.swift in Sources */ = {isa = PBXBuildFile; fileRef = 4030E11E258743360049E145 /* PlaceholderSolution.swift */; };
		4030E1222587434D0049E145 /* Default-568h@2x.png in Resources */ = {isa = PBXBuildFile; fileRef = 4030E1212587434D0049E145 /* Default-568h@2x.png */; };
		4030E12525874EA90049E145 /* PageViewSolution.swift in Sources */ = {isa = PBXBuildFile; fileRef = 4030E12425874EA90049E145 /* PageViewSolution.swift */; };
		4030E127258753730049E145 /* HScrollViewController.swift in Sources */ = {isa = PBXBuildFile; fileRef = 4030E126258753730049E145 /* HScrollViewController.swift */; };
		4030E12A25875C170049E145 /* UnderlineSolution.swift in Sources */ = {isa = PBXBuildFile; fileRef = 4030E12925875C170049E145 /* UnderlineSolution.swift */; };
		4030E12D25875FCD0049E145 /* StorageDemo.swift in Sources */ = {isa = PBXBuildFile; fileRef = 4030E12C25875FCD0049E145 /* StorageDemo.swift */; };
		4030E131258766660049E145 /* SDImgeDemo.swift in Sources */ = {isa = PBXBuildFile; fileRef = 4030E12F258766650049E145 /* SDImgeDemo.swift */; };
		4030E132258766660049E145 /* SimpleImageDemo.swift in Sources */ = {isa = PBXBuildFile; fileRef = 4030E130258766650049E145 /* SimpleImageDemo.swift */; };
		4030E135258766960049E145 /* SDWebImageSwiftUI in Frameworks */ = {isa = PBXBuildFile; productRef = 4030E134258766960049E145 /* SDWebImageSwiftUI */; };
		4030E137258766E50049E145 /* ActivityIndicator.swift in Sources */ = {isa = PBXBuildFile; fileRef = 4030E136258766E50049E145 /* ActivityIndicator.swift */; };
		4030E13A258861320049E145 /* LazyVStackDemo.swift in Sources */ = {isa = PBXBuildFile; fileRef = 4030E139258861320049E145 /* LazyVStackDemo.swift */; };
		4030E13D2588980B0049E145 /* BBSwiftUIKit in Frameworks */ = {isa = PBXBuildFile; productRef = 4030E13C2588980B0049E145 /* BBSwiftUIKit */; };
		4030E14025889A7A0049E145 /* BBTableDemo.swift in Sources */ = {isa = PBXBuildFile; fileRef = 4030E13F25889A7A0049E145 /* BBTableDemo.swift */; };
		4030E1432588A05A0049E145 /* SwiftUIPullToRefresh in Frameworks */ = {isa = PBXBuildFile; productRef = 4030E1422588A05A0049E145 /* SwiftUIPullToRefresh */; };
/* End PBXBuildFile section */

/* Begin PBXFileReference section */
		400F52192589B18E00C9B0B5 /* StackDemo.swift */ = {isa = PBXFileReference; lastKnownFileType = sourcecode.swift; path = StackDemo.swift; sourceTree = "<group>"; };
		400F521B2589B1DD00C9B0B5 /* ListDemo.swift */ = {isa = PBXFileReference; lastKnownFileType = sourcecode.swift; path = ListDemo.swift; sourceTree = "<group>"; };
		400F521D2589B41400C9B0B5 /* ScrollViewDemo.swift */ = {isa = PBXFileReference; lastKnownFileType = sourcecode.swift; path = ScrollViewDemo.swift; sourceTree = "<group>"; };
		400F521F2589B64F00C9B0B5 /* SectionDemo.swift */ = {isa = PBXFileReference; lastKnownFileType = sourcecode.swift; path = SectionDemo.swift; sourceTree = "<group>"; };
		400F52212589B94700C9B0B5 /* FormDemo.swift */ = {isa = PBXFileReference; lastKnownFileType = sourcecode.swift; path = FormDemo.swift; sourceTree = "<group>"; };
		400F52232589D25E00C9B0B5 /* NavigationViewDemo.swift */ = {isa = PBXFileReference; lastKnownFileType = sourcecode.swift; path = NavigationViewDemo.swift; sourceTree = "<group>"; };
		400F52252589DAFF00C9B0B5 /* TabbedDemo.swift */ = {isa = PBXFileReference; lastKnownFileType = sourcecode.swift; path = TabbedDemo.swift; sourceTree = "<group>"; };
		400F52272589E2F600C9B0B5 /* PickerDemo.swift */ = {isa = PBXFileReference; lastKnownFileType = sourcecode.swift; path = PickerDemo.swift; sourceTree = "<group>"; };
		400F52292589E55B00C9B0B5 /* ActionDemo.swift */ = {isa = PBXFileReference; lastKnownFileType = sourcecode.swift; path = ActionDemo.swift; sourceTree = "<group>"; };
		400F522B2589F06C00C9B0B5 /* ColorDemo.swift */ = {isa = PBXFileReference; lastKnownFileType = sourcecode.swift; path = ColorDemo.swift; sourceTree = "<group>"; };
		4020077A2588A28B0033232B /* RefreshNavDemo.swift */ = {isa = PBXFileReference; fileEncoding = 4; lastKnownFileType = sourcecode.swift; path = RefreshNavDemo.swift; sourceTree = "<group>"; };
		4030E10325873B1F0049E145 /* SwiftUICode.app */ = {isa = PBXFileReference; explicitFileType = wrapper.application; includeInIndex = 0; path = SwiftUICode.app; sourceTree = BUILT_PRODUCTS_DIR; };
		4030E10625873B1F0049E145 /* AppDelegate.swift */ = {isa = PBXFileReference; lastKnownFileType = sourcecode.swift; path = AppDelegate.swift; sourceTree = "<group>"; };
		4030E10825873B1F0049E145 /* SceneDelegate.swift */ = {isa = PBXFileReference; lastKnownFileType = sourcecode.swift; path = SceneDelegate.swift; sourceTree = "<group>"; };
		4030E10A25873B1F0049E145 /* ContentView.swift */ = {isa = PBXFileReference; lastKnownFileType = sourcecode.swift; path = ContentView.swift; sourceTree = "<group>"; };
		4030E10C25873B220049E145 /* Assets.xcassets */ = {isa = PBXFileReference; lastKnownFileType = folder.assetcatalog; path = Assets.xcassets; sourceTree = "<group>"; };
		4030E10F25873B220049E145 /* Preview Assets.xcassets */ = {isa = PBXFileReference; lastKnownFileType = folder.assetcatalog; path = "Preview Assets.xcassets"; sourceTree = "<group>"; };
		4030E11225873B220049E145 /* Base */ = {isa = PBXFileReference; lastKnownFileType = file.storyboard; name = Base; path = Base.lproj/LaunchScreen.storyboard; sourceTree = "<group>"; };
		4030E11425873B220049E145 /* Info.plist */ = {isa = PBXFileReference; lastKnownFileType = text.plist.xml; path = Info.plist; sourceTree = "<group>"; };
		4030E11E258743360049E145 /* PlaceholderSolution.swift */ = {isa = PBXFileReference; fileEncoding = 4; lastKnownFileType = sourcecode.swift; path = PlaceholderSolution.swift; sourceTree = "<group>"; };
		4030E1212587434D0049E145 /* Default-568h@2x.png */ = {isa = PBXFileReference; lastKnownFileType = image.png; path = "Default-568h@2x.png"; sourceTree = "<group>"; };
		4030E12425874EA90049E145 /* PageViewSolution.swift */ = {isa = PBXFileReference; lastKnownFileType = sourcecode.swift; path = PageViewSolution.swift; sourceTree = "<group>"; };
		4030E126258753730049E145 /* HScrollViewController.swift */ = {isa = PBXFileReference; fileEncoding = 4; lastKnownFileType = sourcecode.swift; path = HScrollViewController.swift; sourceTree = "<group>"; };
		4030E12925875C170049E145 /* UnderlineSolution.swift */ = {isa = PBXFileReference; lastKnownFileType = sourcecode.swift; path = UnderlineSolution.swift; sourceTree = "<group>"; };
		4030E12C25875FCD0049E145 /* StorageDemo.swift */ = {isa = PBXFileReference; lastKnownFileType = sourcecode.swift; path = StorageDemo.swift; sourceTree = "<group>"; };
		4030E12F258766650049E145 /* SDImgeDemo.swift */ = {isa = PBXFileReference; fileEncoding = 4; lastKnownFileType = sourcecode.swift; path = SDImgeDemo.swift; sourceTree = "<group>"; };
		4030E130258766650049E145 /* SimpleImageDemo.swift */ = {isa = PBXFileReference; fileEncoding = 4; lastKnownFileType = sourcecode.swift; path = SimpleImageDemo.swift; sourceTree = "<group>"; };
		4030E136258766E50049E145 /* ActivityIndicator.swift */ = {isa = PBXFileReference; fileEncoding = 4; lastKnownFileType = sourcecode.swift; path = ActivityIndicator.swift; sourceTree = "<group>"; };
		4030E139258861320049E145 /* LazyVStackDemo.swift */ = {isa = PBXFileReference; lastKnownFileType = sourcecode.swift; path = LazyVStackDemo.swift; sourceTree = "<group>"; };
		4030E13F25889A7A0049E145 /* BBTableDemo.swift */ = {isa = PBXFileReference; fileEncoding = 4; lastKnownFileType = sourcecode.swift; path = BBTableDemo.swift; sourceTree = "<group>"; };
/* End PBXFileReference section */

/* Begin PBXFrameworksBuildPhase section */
		4030E10025873B1F0049E145 /* Frameworks */ = {
			isa = PBXFrameworksBuildPhase;
			buildActionMask = 2147483647;
			files = (
				4030E135258766960049E145 /* SDWebImageSwiftUI in Frameworks */,
				4030E13D2588980B0049E145 /* BBSwiftUIKit in Frameworks */,
				4030E1432588A05A0049E145 /* SwiftUIPullToRefresh in Frameworks */,
			);
			runOnlyForDeploymentPostprocessing = 0;
		};
/* End PBXFrameworksBuildPhase section */

/* Begin PBXGroup section */
		400F52182589B17600C9B0B5 /* Demo */ = {
			isa = PBXGroup;
			children = (
				400F52192589B18E00C9B0B5 /* StackDemo.swift */,
				400F521B2589B1DD00C9B0B5 /* ListDemo.swift */,
				400F521F2589B64F00C9B0B5 /* SectionDemo.swift */,
				400F52212589B94700C9B0B5 /* FormDemo.swift */,
				400F52232589D25E00C9B0B5 /* NavigationViewDemo.swift */,
				400F52252589DAFF00C9B0B5 /* TabbedDemo.swift */,
				400F52272589E2F600C9B0B5 /* PickerDemo.swift */,
				400F52292589E55B00C9B0B5 /* ActionDemo.swift */,
				400F522B2589F06C00C9B0B5 /* ColorDemo.swift */,
				400F521D2589B41400C9B0B5 /* ScrollViewDemo.swift */,
			);
			path = Demo;
			sourceTree = "<group>";
		};
		4030E0FA25873B1F0049E145 = {
			isa = PBXGroup;
			children = (
				4030E10525873B1F0049E145 /* SwiftUICode */,
				4030E10425873B1F0049E145 /* Products */,
			);
			sourceTree = "<group>";
		};
		4030E10425873B1F0049E145 /* Products */ = {
			isa = PBXGroup;
			children = (
				4030E10325873B1F0049E145 /* SwiftUICode.app */,
			);
			name = Products;
			sourceTree = "<group>";
		};
		4030E10525873B1F0049E145 /* SwiftUICode */ = {
			isa = PBXGroup;
			children = (
				400F52182589B17600C9B0B5 /* Demo */,
				4030E13E25889A710049E145 /* Refresh */,
				4030E138258861200049E145 /* lazy */,
				4030E12E258766400049E145 /* WebImage */,
				4030E12B25875FB80049E145 /* storage */,
				4030E12825875C060049E145 /* underline */,
				4030E12325874E870049E145 /* pageView */,
				4030E1202587433B0049E145 /* app */,
				4030E11D258743360049E145 /* placeholder */,
				4030E10E25873B220049E145 /* Preview Content */,
			);
			path = SwiftUICode;
			sourceTree = "<group>";
		};
		4030E10E25873B220049E145 /* Preview Content */ = {
			isa = PBXGroup;
			children = (
				4030E10F25873B220049E145 /* Preview Assets.xcassets */,
			);
			path = "Preview Content";
			sourceTree = "<group>";
		};
		4030E11D258743360049E145 /* placeholder */ = {
			isa = PBXGroup;
			children = (
				4030E11E258743360049E145 /* PlaceholderSolution.swift */,
			);
			path = placeholder;
			sourceTree = "<group>";
		};
		4030E1202587433B0049E145 /* app */ = {
			isa = PBXGroup;
			children = (
				4030E1212587434D0049E145 /* Default-568h@2x.png */,
				4030E10625873B1F0049E145 /* AppDelegate.swift */,
				4030E10825873B1F0049E145 /* SceneDelegate.swift */,
				4030E10A25873B1F0049E145 /* ContentView.swift */,
				4030E10C25873B220049E145 /* Assets.xcassets */,
				4030E11125873B220049E145 /* LaunchScreen.storyboard */,
				4030E11425873B220049E145 /* Info.plist */,
			);
			path = app;
			sourceTree = "<group>";
		};
		4030E12325874E870049E145 /* pageView */ = {
			isa = PBXGroup;
			children = (
				4030E126258753730049E145 /* HScrollViewController.swift */,
				4030E12425874EA90049E145 /* PageViewSolution.swift */,
			);
			path = pageView;
			sourceTree = "<group>";
		};
		4030E12825875C060049E145 /* underline */ = {
			isa = PBXGroup;
			children = (
				4030E12925875C170049E145 /* UnderlineSolution.swift */,
			);
			path = underline;
			sourceTree = "<group>";
		};
		4030E12B25875FB80049E145 /* storage */ = {
			isa = PBXGroup;
			children = (
				4030E12C25875FCD0049E145 /* StorageDemo.swift */,
			);
			path = storage;
			sourceTree = "<group>";
		};
		4030E12E258766400049E145 /* WebImage */ = {
			isa = PBXGroup;
			children = (
				4030E136258766E50049E145 /* ActivityIndicator.swift */,
				4030E12F258766650049E145 /* SDImgeDemo.swift */,
				4030E130258766650049E145 /* SimpleImageDemo.swift */,
			);
			path = WebImage;
			sourceTree = "<group>";
		};
		4030E138258861200049E145 /* lazy */ = {
			isa = PBXGroup;
			children = (
				4030E139258861320049E145 /* LazyVStackDemo.swift */,
			);
			path = lazy;
			sourceTree = "<group>";
		};
		4030E13E25889A710049E145 /* Refresh */ = {
			isa = PBXGroup;
			children = (
				4030E13F25889A7A0049E145 /* BBTableDemo.swift */,
				4020077A2588A28B0033232B /* RefreshNavDemo.swift */,
			);
			path = Refresh;
			sourceTree = "<group>";
		};
/* End PBXGroup section */

/* Begin PBXNativeTarget section */
		4030E10225873B1F0049E145 /* SwiftUICode */ = {
			isa = PBXNativeTarget;
			buildConfigurationList = 4030E11725873B220049E145 /* Build configuration list for PBXNativeTarget "SwiftUICode" */;
			buildPhases = (
				4030E0FF25873B1F0049E145 /* Sources */,
				4030E10025873B1F0049E145 /* Frameworks */,
				4030E10125873B1F0049E145 /* Resources */,
			);
			buildRules = (
			);
			dependencies = (
			);
			name = SwiftUICode;
			packageProductDependencies = (
				4030E134258766960049E145 /* SDWebImageSwiftUI */,
				4030E13C2588980B0049E145 /* BBSwiftUIKit */,
				4030E1422588A05A0049E145 /* SwiftUIPullToRefresh */,
			);
			productName = SwiftUICode;
			productReference = 4030E10325873B1F0049E145 /* SwiftUICode.app */;
			productType = "com.apple.product-type.application";
		};
/* End PBXNativeTarget section */

/* Begin PBXProject section */
		4030E0FB25873B1F0049E145 /* Project object */ = {
			isa = PBXProject;
			attributes = {
				LastSwiftUpdateCheck = 1170;
				LastUpgradeCheck = 1170;
				ORGANIZATIONNAME = ancc;
				TargetAttributes = {
					4030E10225873B1F0049E145 = {
						CreatedOnToolsVersion = 11.7;
					};
				};
			};
			buildConfigurationList = 4030E0FE25873B1F0049E145 /* Build configuration list for PBXProject "SwiftUICode" */;
			compatibilityVersion = "Xcode 9.3";
			developmentRegion = en;
			hasScannedForEncodings = 0;
			knownRegions = (
				en,
				Base,
			);
			mainGroup = 4030E0FA25873B1F0049E145;
			packageReferences = (
				4030E133258766960049E145 /* XCRemoteSwiftPackageReference "SDWebImageSwiftUI" */,
				4030E13B2588980B0049E145 /* XCRemoteSwiftPackageReference "BBSwiftUIKit" */,
				4030E1412588A05A0049E145 /* XCRemoteSwiftPackageReference "SwiftUI-PullToRefresh" */,
			);
			productRefGroup = 4030E10425873B1F0049E145 /* Products */;
			projectDirPath = "";
			projectRoot = "";
			targets = (
				4030E10225873B1F0049E145 /* SwiftUICode */,
			);
		};
/* End PBXProject section */

/* Begin PBXResourcesBuildPhase section */
		4030E10125873B1F0049E145 /* Resources */ = {
			isa = PBXResourcesBuildPhase;
			buildActionMask = 2147483647;
			files = (
				4030E11325873B220049E145 /* LaunchScreen.storyboard in Resources */,
				4030E1222587434D0049E145 /* Default-568h@2x.png in Resources */,
				4030E11025873B220049E145 /* Preview Assets.xcassets in Resources */,
				4030E10D25873B220049E145 /* Assets.xcassets in Resources */,
			);
			runOnlyForDeploymentPostprocessing = 0;
		};
/* End PBXResourcesBuildPhase section */

/* Begin PBXSourcesBuildPhase section */
		4030E0FF25873B1F0049E145 /* Sources */ = {
			isa = PBXSourcesBuildPhase;
			buildActionMask = 2147483647;
			files = (
				400F521E2589B41400C9B0B5 /* ScrollViewDemo.swift in Sources */,
				400F522A2589E55B00C9B0B5 /* ActionDemo.swift in Sources */,
				400F521A2589B18E00C9B0B5 /* StackDemo.swift in Sources */,
				4030E12525874EA90049E145 /* PageViewSolution.swift in Sources */,
				4030E11F258743360049E145 /* PlaceholderSolution.swift in Sources */,
				4030E14025889A7A0049E145 /* BBTableDemo.swift in Sources */,
				400F52222589B94700C9B0B5 /* FormDemo.swift in Sources */,
				4030E131258766660049E145 /* SDImgeDemo.swift in Sources */,
				400F52242589D25E00C9B0B5 /* NavigationViewDemo.swift in Sources */,
				400F52282589E2F600C9B0B5 /* PickerDemo.swift in Sources */,
				4030E127258753730049E145 /* HScrollViewController.swift in Sources */,
				4030E13A258861320049E145 /* LazyVStackDemo.swift in Sources */,
				400F52202589B64F00C9B0B5 /* SectionDemo.swift in Sources */,
				4030E12A25875C170049E145 /* UnderlineSolution.swift in Sources */,
				400F522C2589F06C00C9B0B5 /* ColorDemo.swift in Sources */,
				4020077B2588A28B0033232B /* RefreshNavDemo.swift in Sources */,
				4030E137258766E50049E145 /* ActivityIndicator.swift in Sources */,
				400F521C2589B1DD00C9B0B5 /* ListDemo.swift in Sources */,
				4030E10725873B1F0049E145 /* AppDelegate.swift in Sources */,
				400F52262589DAFF00C9B0B5 /* TabbedDemo.swift in Sources */,
				4030E10925873B1F0049E145 /* SceneDelegate.swift in Sources */,
				4030E12D25875FCD0049E145 /* StorageDemo.swift in Sources */,
				4030E132258766660049E145 /* SimpleImageDemo.swift in Sources */,
				4030E10B25873B1F0049E145 /* ContentView.swift in Sources */,
			);
			runOnlyForDeploymentPostprocessing = 0;
		};
/* End PBXSourcesBuildPhase section */

/* Begin PBXVariantGroup section */
		4030E11125873B220049E145 /* LaunchScreen.storyboard */ = {
			isa = PBXVariantGroup;
			children = (
				4030E11225873B220049E145 /* Base */,
			);
			name = LaunchScreen.storyboard;
			sourceTree = "<group>";
		};
/* End PBXVariantGroup section */

/* Begin XCBuildConfiguration section */
		4030E11525873B220049E145 /* Debug */ = {
			isa = XCBuildConfiguration;
			buildSettings = {
				ALWAYS_SEARCH_USER_PATHS = NO;
				CLANG_ANALYZER_NONNULL = YES;
				CLANG_ANALYZER_NUMBER_OBJECT_CONVERSION = YES_AGGRESSIVE;
				CLANG_CXX_LANGUAGE_STANDARD = "gnu++14";
				CLANG_CXX_LIBRARY = "libc++";
				CLANG_ENABLE_MODULES = YES;
				CLANG_ENABLE_OBJC_ARC = YES;
				CLANG_ENABLE_OBJC_WEAK = YES;
				CLANG_WARN_BLOCK_CAPTURE_AUTORELEASING = YES;
				CLANG_WARN_BOOL_CONVERSION = YES;
				CLANG_WARN_COMMA = YES;
				CLANG_WARN_CONSTANT_CONVERSION = YES;
				CLANG_WARN_DEPRECATED_OBJC_IMPLEMENTATIONS = YES;
				CLANG_WARN_DIRECT_OBJC_ISA_USAGE = YES_ERROR;
				CLANG_WARN_DOCUMENTATION_COMMENTS = YES;
				CLANG_WARN_EMPTY_BODY = YES;
				CLANG_WARN_ENUM_CONVERSION = YES;
				CLANG_WARN_INFINITE_RECURSION = YES;
				CLANG_WARN_INT_CONVERSION = YES;
				CLANG_WARN_NON_LITERAL_NULL_CONVERSION = YES;
				CLANG_WARN_OBJC_IMPLICIT_RETAIN_SELF = YES;
				CLANG_WARN_OBJC_LITERAL_CONVERSION = YES;
				CLANG_WARN_OBJC_ROOT_CLASS = YES_ERROR;
				CLANG_WARN_RANGE_LOOP_ANALYSIS = YES;
				CLANG_WARN_STRICT_PROTOTYPES = YES;
				CLANG_WARN_SUSPICIOUS_MOVE = YES;
				CLANG_WARN_UNGUARDED_AVAILABILITY = YES_AGGRESSIVE;
				CLANG_WARN_UNREACHABLE_CODE = YES;
				CLANG_WARN__DUPLICATE_METHOD_MATCH = YES;
				COPY_PHASE_STRIP = NO;
				DEBUG_INFORMATION_FORMAT = dwarf;
				ENABLE_STRICT_OBJC_MSGSEND = YES;
				ENABLE_TESTABILITY = YES;
				GCC_C_LANGUAGE_STANDARD = gnu11;
				GCC_DYNAMIC_NO_PIC = NO;
				GCC_NO_COMMON_BLOCKS = YES;
				GCC_OPTIMIZATION_LEVEL = 0;
				GCC_PREPROCESSOR_DEFINITIONS = (
					"DEBUG=1",
					"$(inherited)",
				);
				GCC_WARN_64_TO_32_BIT_CONVERSION = YES;
				GCC_WARN_ABOUT_RETURN_TYPE = YES_ERROR;
				GCC_WARN_UNDECLARED_SELECTOR = YES;
				GCC_WARN_UNINITIALIZED_AUTOS = YES_AGGRESSIVE;
				GCC_WARN_UNUSED_FUNCTION = YES;
				GCC_WARN_UNUSED_VARIABLE = YES;
				IPHONEOS_DEPLOYMENT_TARGET = 13.7;
				MTL_ENABLE_DEBUG_INFO = INCLUDE_SOURCE;
				MTL_FAST_MATH = YES;
				ONLY_ACTIVE_ARCH = YES;
				SDKROOT = iphoneos;
				SWIFT_ACTIVE_COMPILATION_CONDITIONS = DEBUG;
				SWIFT_OPTIMIZATION_LEVEL = "-Onone";
			};
			name = Debug;
		};
		4030E11625873B220049E145 /* Release */ = {
			isa = XCBuildConfiguration;
			buildSettings = {
				ALWAYS_SEARCH_USER_PATHS = NO;
				CLANG_ANALYZER_NONNULL = YES;
				CLANG_ANALYZER_NUMBER_OBJECT_CONVERSION = YES_AGGRESSIVE;
				CLANG_CXX_LANGUAGE_STANDARD = "gnu++14";
				CLANG_CXX_LIBRARY = "libc++";
				CLANG_ENABLE_MODULES = YES;
				CLANG_ENABLE_OBJC_ARC = YES;
				CLANG_ENABLE_OBJC_WEAK = YES;
				CLANG_WARN_BLOCK_CAPTURE_AUTORELEASING = YES;
				CLANG_WARN_BOOL_CONVERSION = YES;
				CLANG_WARN_COMMA = YES;
				CLANG_WARN_CONSTANT_CONVERSION = YES;
				CLANG_WARN_DEPRECATED_OBJC_IMPLEMENTATIONS = YES;
				CLANG_WARN_DIRECT_OBJC_ISA_USAGE = YES_ERROR;
				CLANG_WARN_DOCUMENTATION_COMMENTS = YES;
				CLANG_WARN_EMPTY_BODY = YES;
				CLANG_WARN_ENUM_CONVERSION = YES;
				CLANG_WARN_INFINITE_RECURSION = YES;
				CLANG_WARN_INT_CONVERSION = YES;
				CLANG_WARN_NON_LITERAL_NULL_CONVERSION = YES;
				CLANG_WARN_OBJC_IMPLICIT_RETAIN_SELF = YES;
				CLANG_WARN_OBJC_LITERAL_CONVERSION = YES;
				CLANG_WARN_OBJC_ROOT_CLASS = YES_ERROR;
				CLANG_WARN_RANGE_LOOP_ANALYSIS = YES;
				CLANG_WARN_STRICT_PROTOTYPES = YES;
				CLANG_WARN_SUSPICIOUS_MOVE = YES;
				CLANG_WARN_UNGUARDED_AVAILABILITY = YES_AGGRESSIVE;
				CLANG_WARN_UNREACHABLE_CODE = YES;
				CLANG_WARN__DUPLICATE_METHOD_MATCH = YES;
				COPY_PHASE_STRIP = NO;
				DEBUG_INFORMATION_FORMAT = "dwarf-with-dsym";
				ENABLE_NS_ASSERTIONS = NO;
				ENABLE_STRICT_OBJC_MSGSEND = YES;
				GCC_C_LANGUAGE_STANDARD = gnu11;
				GCC_NO_COMMON_BLOCKS = YES;
				GCC_WARN_64_TO_32_BIT_CONVERSION = YES;
				GCC_WARN_ABOUT_RETURN_TYPE = YES_ERROR;
				GCC_WARN_UNDECLARED_SELECTOR = YES;
				GCC_WARN_UNINITIALIZED_AUTOS = YES_AGGRESSIVE;
				GCC_WARN_UNUSED_FUNCTION = YES;
				GCC_WARN_UNUSED_VARIABLE = YES;
				IPHONEOS_DEPLOYMENT_TARGET = 13.7;
				MTL_ENABLE_DEBUG_INFO = NO;
				MTL_FAST_MATH = YES;
				SDKROOT = iphoneos;
				SWIFT_COMPILATION_MODE = wholemodule;
				SWIFT_OPTIMIZATION_LEVEL = "-O";
				VALIDATE_PRODUCT = YES;
			};
			name = Release;
		};
		4030E11825873B220049E145 /* Debug */ = {
			isa = XCBuildConfiguration;
			buildSettings = {
				ASSETCATALOG_COMPILER_APPICON_NAME = AppIcon;
				CODE_SIGN_STYLE = Automatic;
				DEVELOPMENT_ASSET_PATHS = "\"SwiftUICode/Preview Content\"";
				DEVELOPMENT_TEAM = Q36CWUF67A;
				ENABLE_PREVIEWS = YES;
				INFOPLIST_FILE = SwiftUICode/app/Info.plist;
				LD_RUNPATH_SEARCH_PATHS = (
					"$(inherited)",
					"@executable_path/Frameworks",
				);
				PRODUCT_BUNDLE_IDENTIFIER = com.agentmid.mydd.SwiftUICode;
				PRODUCT_NAME = "$(TARGET_NAME)";
				SWIFT_VERSION = 5.0;
				TARGETED_DEVICE_FAMILY = "1,2";
			};
			name = Debug;
		};
		4030E11925873B220049E145 /* Release */ = {
			isa = XCBuildConfiguration;
			buildSettings = {
				ASSETCATALOG_COMPILER_APPICON_NAME = AppIcon;
				CODE_SIGN_STYLE = Automatic;
				DEVELOPMENT_ASSET_PATHS = "\"SwiftUICode/Preview Content\"";
				DEVELOPMENT_TEAM = Q36CWUF67A;
				ENABLE_PREVIEWS = YES;
				INFOPLIST_FILE = SwiftUICode/app/Info.plist;
				LD_RUNPATH_SEARCH_PATHS = (
					"$(inherited)",
					"@executable_path/Frameworks",
				);
				PRODUCT_BUNDLE_IDENTIFIER = com.agentmid.mydd.SwiftUICode;
				PRODUCT_NAME = "$(TARGET_NAME)";
				SWIFT_VERSION = 5.0;
				TARGETED_DEVICE_FAMILY = "1,2";
			};
			name = Release;
		};
/* End XCBuildConfiguration section */

/* Begin XCConfigurationList section */
		4030E0FE25873B1F0049E145 /* Build configuration list for PBXProject "SwiftUICode" */ = {
			isa = XCConfigurationList;
			buildConfigurations = (
				4030E11525873B220049E145 /* Debug */,
				4030E11625873B220049E145 /* Release */,
			);
			defaultConfigurationIsVisible = 0;
			defaultConfigurationName = Release;
		};
		4030E11725873B220049E145 /* Build configuration list for PBXNativeTarget "SwiftUICode" */ = {
			isa = XCConfigurationList;
			buildConfigurations = (
				4030E11825873B220049E145 /* Debug */,
				4030E11925873B220049E145 /* Release */,
			);
			defaultConfigurationIsVisible = 0;
			defaultConfigurationName = Release;
		};
/* End XCConfigurationList section */

/* Begin XCRemoteSwiftPackageReference section */
		4030E133258766960049E145 /* XCRemoteSwiftPackageReference "SDWebImageSwiftUI" */ = {
			isa = XCRemoteSwiftPackageReference;
			repositoryURL = "https://github.com/SDWebImage/SDWebImageSwiftUI.git";
			requirement = {
				kind = upToNextMajorVersion;
				minimumVersion = 1.5.0;
			};
		};
		4030E13B2588980B0049E145 /* XCRemoteSwiftPackageReference "BBSwiftUIKit" */ = {
			isa = XCRemoteSwiftPackageReference;
			repositoryURL = "https://github.com/Silence-GitHub/BBSwiftUIKit.git";
			requirement = {
				kind = upToNextMajorVersion;
				minimumVersion = 0.1.0;
			};
		};
		4030E1412588A05A0049E145 /* XCRemoteSwiftPackageReference "SwiftUI-PullToRefresh" */ = {
			isa = XCRemoteSwiftPackageReference;
			repositoryURL = "https://github.com/AppPear/SwiftUI-PullToRefresh";
			requirement = {
				kind = upToNextMajorVersion;
				minimumVersion = 1.0.0;
			};
		};
/* End XCRemoteSwiftPackageReference section */

/* Begin XCSwiftPackageProductDependency section */
		4030E134258766960049E145 /* SDWebImageSwiftUI */ = {
			isa = XCSwiftPackageProductDependency;
			package = 4030E133258766960049E145 /* XCRemoteSwiftPackageReference "SDWebImageSwiftUI" */;
			productName = SDWebImageSwiftUI;
		};
		4030E13C2588980B0049E145 /* BBSwiftUIKit */ = {
			isa = XCSwiftPackageProductDependency;
			package = 4030E13B2588980B0049E145 /* XCRemoteSwiftPackageReference "BBSwiftUIKit" */;
			productName = BBSwiftUIKit;
		};
		4030E1422588A05A0049E145 /* SwiftUIPullToRefresh */ = {
			isa = XCSwiftPackageProductDependency;
			package = 4030E1412588A05A0049E145 /* XCRemoteSwiftPackageReference "SwiftUI-PullToRefresh" */;
			productName = SwiftUIPullToRefresh;
		};
/* End XCSwiftPackageProductDependency section */
	};
	rootObject = 4030E0FB25873B1F0049E145 /* Project object */;
}
