{
  "object": {
    "pins": [
      {
        "package": "BBSwiftUIKit",
        "repositoryURL": "https://github.com/Silence-GitHub/BBSwiftUIKit.git",
        "state": {
          "branch": null,
          "revision": "e8a6b187f587d4b44771a51a8c27af14d210ff8f",
          "version": "0.1.0"
        }
      },
      {
        "package": "SDWebImage",
        "repositoryURL": "https://github.com/SDWebImage/SDWebImage.git",
        "state": {
          "branch": null,
          "revision": "e857b78ca4c8afe616b794aeb090d40f4e348072",
          "version": "5.10.0"
        }
      },
      {
        "package": "SDWebImageSwiftUI",
        "repositoryURL": "https://github.com/SDWebImage/SDWebImageSwiftUI.git",
        "state": {
          "branch": null,
          "revision": "4c7f169e39bc35d6b80d42b8eb8301bee9cd0907",
          "version": "1.5.0"
        }
      },
      {
        "package": "SwiftUIPullToRefresh",
        "repositoryURL": "https://github.com/AppPear/SwiftUI-PullToRefresh",
        "state": {
          "branch": null,
          "revision": "5850f1ead6c4931015231bde26f38b9f543342aa",
          "version": "1.0.0"
        }
      }
    ]
  },
  "version": 1
}
